// !$*UTF8*$!
{
	archiveVersion = 1;
	classes = {
	};
	objectVersion = 50;
	objects = {

/* Begin PBXBuildFile section */
		30AA3F8420CAC08900600B82 /* AppDelegate.swift in Sources */ = {isa = PBXBuildFile; fileRef = 30AA3F8320CAC08900600B82 /* AppDelegate.swift */; };
		30AA3F8920CAC08900600B82 /* Main.storyboard in Resources */ = {isa = PBXBuildFile; fileRef = 30AA3F8720CAC08900600B82 /* Main.storyboard */; };
		30AA3F8B20CAC08A00600B82 /* Assets.xcassets in Resources */ = {isa = PBXBuildFile; fileRef = 30AA3F8A20CAC08A00600B82 /* Assets.xcassets */; };
		30AA3F8E20CAC08A00600B82 /* LaunchScreen.storyboard in Resources */ = {isa = PBXBuildFile; fileRef = 30AA3F8C20CAC08A00600B82 /* LaunchScreen.storyboard */; };
		30AA3F9620CAC09E00600B82 /* OrderManager.swift in Sources */ = {isa = PBXBuildFile; fileRef = 30AA3F9520CAC09E00600B82 /* OrderManager.swift */; };
		30AA3F9E20CAC22D00600B82 /* Intents.intentdefinition in Sources */ = {isa = PBXBuildFile; fileRef = 30AA3F9D20CAC22D00600B82 /* Intents.intentdefinition */; };
		30AA3FA020CAC57E00600B82 /* OrdersListTVC.swift in Sources */ = {isa = PBXBuildFile; fileRef = 30AA3F9F20CAC57E00600B82 /* OrdersListTVC.swift */; };
		30AA3FA220CACBFE00600B82 /* CoffeeListVC.swift in Sources */ = {isa = PBXBuildFile; fileRef = 30AA3FA120CACBFE00600B82 /* CoffeeListVC.swift */; };
		30AA3FA420CACE7900600B82 /* Short.framework in Frameworks */ = {isa = PBXBuildFile; fileRef = 30AA3FA320CACE7900600B82 /* Short.framework */; };
		30AA3FA520CACE7900600B82 /* Short.framework in Embed Frameworks */ = {isa = PBXBuildFile; fileRef = 30AA3FA320CACE7900600B82 /* Short.framework */; settings = {ATTRIBUTES = (CodeSignOnCopy, RemoveHeadersOnCopy, ); }; };
/* End PBXBuildFile section */

/* Begin PBXCopyFilesBuildPhase section */
		30AA3FA620CACE7900600B82 /* Embed Frameworks */ = {
			isa = PBXCopyFilesBuildPhase;
			buildActionMask = 2147483647;
			dstPath = "";
			dstSubfolderSpec = 10;
			files = (
				30AA3FA520CACE7900600B82 /* Short.framework in Embed Frameworks */,
			);
			name = "Embed Frameworks";
			runOnlyForDeploymentPostprocessing = 0;
		};
/* End PBXCopyFilesBuildPhase section */

/* Begin PBXFileReference section */
		30AA3F8020CAC08900600B82 /* Example.app */ = {isa = PBXFileReference; explicitFileType = wrapper.application; includeInIndex = 0; path = Example.app; sourceTree = BUILT_PRODUCTS_DIR; };
		30AA3F8320CAC08900600B82 /* AppDelegate.swift */ = {isa = PBXFileReference; lastKnownFileType = sourcecode.swift; path = AppDelegate.swift; sourceTree = "<group>"; };
		30AA3F8820CAC08900600B82 /* Base */ = {isa = PBXFileReference; lastKnownFileType = file.storyboard; name = Base; path = Base.lproj/Main.storyboard; sourceTree = "<group>"; };
		30AA3F8A20CAC08A00600B82 /* Assets.xcassets */ = {isa = PBXFileReference; lastKnownFileType = folder.assetcatalog; path = Assets.xcassets; sourceTree = "<group>"; };
		30AA3F8D20CAC08A00600B82 /* Base */ = {isa = PBXFileReference; lastKnownFileType = file.storyboard; name = Base; path = Base.lproj/LaunchScreen.storyboard; sourceTree = "<group>"; };
		30AA3F8F20CAC08A00600B82 /* Info.plist */ = {isa = PBXFileReference; lastKnownFileType = text.plist.xml; path = Info.plist; sourceTree = "<group>"; };
		30AA3F9520CAC09E00600B82 /* OrderManager.swift */ = {isa = PBXFileReference; lastKnownFileType = sourcecode.swift; path = OrderManager.swift; sourceTree = "<group>"; };
		30AA3F9D20CAC22D00600B82 /* Intents.intentdefinition */ = {isa = PBXFileReference; lastKnownFileType = file.intentdefinition; path = Intents.intentdefinition; sourceTree = "<group>"; };
		30AA3F9F20CAC57E00600B82 /* OrdersListTVC.swift */ = {isa = PBXFileReference; lastKnownFileType = sourcecode.swift; path = OrdersListTVC.swift; sourceTree = "<group>"; };
		30AA3FA120CACBFE00600B82 /* CoffeeListVC.swift */ = {isa = PBXFileReference; lastKnownFileType = sourcecode.swift; path = CoffeeListVC.swift; sourceTree = "<group>"; };
		30AA3FA320CACE7900600B82 /* Short.framework */ = {isa = PBXFileReference; lastKnownFileType = wrapper.framework; path = Short.framework; sourceTree = "<group>"; };
/* End PBXFileReference section */

/* Begin PBXFrameworksBuildPhase section */
		30AA3F7D20CAC08900600B82 /* Frameworks */ = {
			isa = PBXFrameworksBuildPhase;
			buildActionMask = 2147483647;
			files = (
				30AA3FA420CACE7900600B82 /* Short.framework in Frameworks */,
			);
			runOnlyForDeploymentPostprocessing = 0;
		};
/* End PBXFrameworksBuildPhase section */

/* Begin PBXGroup section */
		30AA3F7720CAC08900600B82 = {
			isa = PBXGroup;
			children = (
				30AA3FA320CACE7900600B82 /* Short.framework */,
				30AA3F8220CAC08900600B82 /* CoffeeExample */,
				30AA3F8120CAC08900600B82 /* Products */,
			);
			sourceTree = "<group>";
		};
		30AA3F8120CAC08900600B82 /* Products */ = {
			isa = PBXGroup;
			children = (
				30AA3F8020CAC08900600B82 /* Example.app */,
			);
			name = Products;
			sourceTree = "<group>";
		};
		30AA3F8220CAC08900600B82 /* CoffeeExample */ = {
			isa = PBXGroup;
			children = (
				30AA3F8320CAC08900600B82 /* AppDelegate.swift */,
				30AA3F9520CAC09E00600B82 /* OrderManager.swift */,
				30AA3FA120CACBFE00600B82 /* CoffeeListVC.swift */,
				30AA3F9F20CAC57E00600B82 /* OrdersListTVC.swift */,
				30AA3F8720CAC08900600B82 /* Main.storyboard */,
				30AA3F8A20CAC08A00600B82 /* Assets.xcassets */,
				30AA3F8C20CAC08A00600B82 /* LaunchScreen.storyboard */,
				30AA3F8F20CAC08A00600B82 /* Info.plist */,
				30AA3F9D20CAC22D00600B82 /* Intents.intentdefinition */,
			);
			path = CoffeeExample;
			sourceTree = "<group>";
		};
/* End PBXGroup section */

/* Begin PBXNativeTarget section */
		30AA3F7F20CAC08900600B82 /* Example */ = {
			isa = PBXNativeTarget;
			buildConfigurationList = 30AA3F9220CAC08A00600B82 /* Build configuration list for PBXNativeTarget "Example" */;
			buildPhases = (
				30AA3F7C20CAC08900600B82 /* Sources */,
				30AA3F7D20CAC08900600B82 /* Frameworks */,
				30AA3F7E20CAC08900600B82 /* Resources */,
				30AA3FA620CACE7900600B82 /* Embed Frameworks */,
			);
			buildRules = (
			);
			dependencies = (
			);
			name = Example;
			productName = CoffeeExample;
			productReference = 30AA3F8020CAC08900600B82 /* Example.app */;
			productType = "com.apple.product-type.application";
		};
/* End PBXNativeTarget section */

/* Begin PBXProject section */
		30AA3F7820CAC08900600B82 /* Project object */ = {
			isa = PBXProject;
			attributes = {
				LastSwiftUpdateCheck = 1000;
				LastUpgradeCheck = 1000;
				ORGANIZATIONNAME = "S-BEORS";
				TargetAttributes = {
					30AA3F7F20CAC08900600B82 = {
						CreatedOnToolsVersion = 10.0;
					};
				};
			};
			buildConfigurationList = 30AA3F7B20CAC08900600B82 /* Build configuration list for PBXProject "Example" */;
			compatibilityVersion = "Xcode 9.3";
			developmentRegion = en;
			hasScannedForEncodings = 0;
			knownRegions = (
				en,
				Base,
			);
			mainGroup = 30AA3F7720CAC08900600B82;
			productRefGroup = 30AA3F8120CAC08900600B82 /* Products */;
			projectDirPath = "";
			projectRoot = "";
			targets = (
				30AA3F7F20CAC08900600B82 /* Example */,
			);
		};
/* End PBXProject section */

/* Begin PBXResourcesBuildPhase section */
		30AA3F7E20CAC08900600B82 /* Resources */ = {
			isa = PBXResourcesBuildPhase;
			buildActionMask = 2147483647;
			files = (
				30AA3F8E20CAC08A00600B82 /* LaunchScreen.storyboard in Resources */,
				30AA3F8B20CAC08A00600B82 /* Assets.xcassets in Resources */,
				30AA3F8920CAC08900600B82 /* Main.storyboard in Resources */,
			);
			runOnlyForDeploymentPostprocessing = 0;
		};
/* End PBXResourcesBuildPhase section */

/* Begin PBXSourcesBuildPhase section */
		30AA3F7C20CAC08900600B82 /* Sources */ = {
			isa = PBXSourcesBuildPhase;
			buildActionMask = 2147483647;
			files = (
				30AA3F9620CAC09E00600B82 /* OrderManager.swift in Sources */,
				30AA3FA220CACBFE00600B82 /* CoffeeListVC.swift in Sources */,
				30AA3FA020CAC57E00600B82 /* OrdersListTVC.swift in Sources */,
				30AA3F9E20CAC22D00600B82 /* Intents.intentdefinition in Sources */,
				30AA3F8420CAC08900600B82 /* AppDelegate.swift in Sources */,
			);
			runOnlyForDeploymentPostprocessing = 0;
		};
/* End PBXSourcesBuildPhase section */

/* Begin PBXVariantGroup section */
		30AA3F8720CAC08900600B82 /* Main.storyboard */ = {
			isa = PBXVariantGroup;
			children = (
				30AA3F8820CAC08900600B82 /* Base */,
			);
			name = Main.storyboard;
			sourceTree = "<group>";
		};
		30AA3F8C20CAC08A00600B82 /* LaunchScreen.storyboard */ = {
			isa = PBXVariantGroup;
			children = (
				30AA3F8D20CAC08A00600B82 /* Base */,
			);
			name = LaunchScreen.storyboard;
			sourceTree = "<group>";
		};
/* End PBXVariantGroup section */

/* Begin XCBuildConfiguration section */
		30AA3F9020CAC08A00600B82 /* Debug */ = {
			isa = XCBuildConfiguration;
			buildSettings = {
				ALWAYS_SEARCH_USER_PATHS = NO;
				CLANG_ANALYZER_NONNULL = YES;
				CLANG_ANALYZER_NUMBER_OBJECT_CONVERSION = YES_AGGRESSIVE;
				CLANG_CXX_LANGUAGE_STANDARD = "gnu++14";
				CLANG_CXX_LIBRARY = "libc++";
				CLANG_ENABLE_MODULES = YES;
				CLANG_ENABLE_OBJC_ARC = YES;
				CLANG_ENABLE_OBJC_WEAK = YES;
				CLANG_WARN_BLOCK_CAPTURE_AUTORELEASING = YES;
				CLANG_WARN_BOOL_CONVERSION = YES;
				CLANG_WARN_COMMA = YES;
				CLANG_WARN_CONSTANT_CONVERSION = YES;
				CLANG_WARN_DEPRECATED_OBJC_IMPLEMENTATIONS = YES;
				CLANG_WARN_DIRECT_OBJC_ISA_USAGE = YES_ERROR;
				CLANG_WARN_DOCUMENTATION_COMMENTS = YES;
				CLANG_WARN_EMPTY_BODY = YES;
				CLANG_WARN_ENUM_CONVERSION = YES;
				CLANG_WARN_INFINITE_RECURSION = YES;
				CLANG_WARN_INT_CONVERSION = YES;
				CLANG_WARN_NON_LITERAL_NULL_CONVERSION = YES;
				CLANG_WARN_OBJC_IMPLICIT_RETAIN_SELF = YES;
				CLANG_WARN_OBJC_LITERAL_CONVERSION = YES;
				CLANG_WARN_OBJC_ROOT_CLASS = YES_ERROR;
				CLANG_WARN_RANGE_LOOP_ANALYSIS = YES;
				CLANG_WARN_STRICT_PROTOTYPES = YES;
				CLANG_WARN_SUSPICIOUS_MOVE = YES;
				CLANG_WARN_UNGUARDED_AVAILABILITY = YES_AGGRESSIVE;
				CLANG_WARN_UNREACHABLE_CODE = YES;
				CLANG_WARN__DUPLICATE_METHOD_MATCH = YES;
				CODE_SIGN_IDENTITY = "iPhone Developer";
				COPY_PHASE_STRIP = NO;
				DEBUG_INFORMATION_FORMAT = dwarf;
				ENABLE_STRICT_OBJC_MSGSEND = YES;
				ENABLE_TESTABILITY = YES;
				GCC_C_LANGUAGE_STANDARD = gnu11;
				GCC_DYNAMIC_NO_PIC = NO;
				GCC_NO_COMMON_BLOCKS = YES;
				GCC_OPTIMIZATION_LEVEL = 0;
				GCC_PREPROCESSOR_DEFINITIONS = (
					"DEBUG=1",
					"$(inherited)",
				);
				GCC_WARN_64_TO_32_BIT_CONVERSION = YES;
				GCC_WARN_ABOUT_RETURN_TYPE = YES_ERROR;
				GCC_WARN_UNDECLARED_SELECTOR = YES;
				GCC_WARN_UNINITIALIZED_AUTOS = YES_AGGRESSIVE;
				GCC_WARN_UNUSED_FUNCTION = YES;
				GCC_WARN_UNUSED_VARIABLE = YES;
				IPHONEOS_DEPLOYMENT_TARGET = 12.0;
				MTL_ENABLE_DEBUG_INFO = INCLUDE_SOURCE;
				ONLY_ACTIVE_ARCH = YES;
				SDKROOT = iphoneos;
				SWIFT_ACTIVE_COMPILATION_CONDITIONS = DEBUG;
				SWIFT_OPTIMIZATION_LEVEL = "-Onone";
			};
			name = Debug;
		};
		30AA3F9120CAC08A00600B82 /* Release */ = {
			isa = XCBuildConfiguration;
			buildSettings = {
				ALWAYS_SEARCH_USER_PATHS = NO;
				CLANG_ANALYZER_NONNULL = YES;
				CLANG_ANALYZER_NUMBER_OBJECT_CONVERSION = YES_AGGRESSIVE;
				CLANG_CXX_LANGUAGE_STANDARD = "gnu++14";
				CLANG_CXX_LIBRARY = "libc++";
				CLANG_ENABLE_MODULES = YES;
				CLANG_ENABLE_OBJC_ARC = YES;
				CLANG_ENABLE_OBJC_WEAK = YES;
				CLANG_WARN_BLOCK_CAPTURE_AUTORELEASING = YES;
				CLANG_WARN_BOOL_CONVERSION = YES;
				CLANG_WARN_COMMA = YES;
				CLANG_WARN_CONSTANT_CONVERSION = YES;
				CLANG_WARN_DEPRECATED_OBJC_IMPLEMENTATIONS = YES;
				CLANG_WARN_DIRECT_OBJC_ISA_USAGE = YES_ERROR;
				CLANG_WARN_DOCUMENTATION_COMMENTS = YES;
				CLANG_WARN_EMPTY_BODY = YES;
				CLANG_WARN_ENUM_CONVERSION = YES;
				CLANG_WARN_INFINITE_RECURSION = YES;
				CLANG_WARN_INT_CONVERSION = YES;
				CLANG_WARN_NON_LITERAL_NULL_CONVERSION = YES;
				CLANG_WARN_OBJC_IMPLICIT_RETAIN_SELF = YES;
				CLANG_WARN_OBJC_LITERAL_CONVERSION = YES;
				CLANG_WARN_OBJC_ROOT_CLASS = YES_ERROR;
				CLANG_WARN_RANGE_LOOP_ANALYSIS = YES;
				CLANG_WARN_STRICT_PROTOTYPES = YES;
				CLANG_WARN_SUSPICIOUS_MOVE = YES;
				CLANG_WARN_UNGUARDED_AVAILABILITY = YES_AGGRESSIVE;
				CLANG_WARN_UNREACHABLE_CODE = YES;
				CLANG_WARN__DUPLICATE_METHOD_MATCH = YES;
				CODE_SIGN_IDENTITY = "iPhone Developer";
				COPY_PHASE_STRIP = NO;
				DEBUG_INFORMATION_FORMAT = "dwarf-with-dsym";
				ENABLE_NS_ASSERTIONS = NO;
				ENABLE_STRICT_OBJC_MSGSEND = YES;
				GCC_C_LANGUAGE_STANDARD = gnu11;
				GCC_NO_COMMON_BLOCKS = YES;
				GCC_WARN_64_TO_32_BIT_CONVERSION = YES;
				GCC_WARN_ABOUT_RETURN_TYPE = YES_ERROR;
				GCC_WARN_UNDECLARED_SELECTOR = YES;
				GCC_WARN_UNINITIALIZED_AUTOS = YES_AGGRESSIVE;
				GCC_WARN_UNUSED_FUNCTION = YES;
				GCC_WARN_UNUSED_VARIABLE = YES;
				IPHONEOS_DEPLOYMENT_TARGET = 12.0;
				MTL_ENABLE_DEBUG_INFO = NO;
				SDKROOT = iphoneos;
				SWIFT_COMPILATION_MODE = wholemodule;
				SWIFT_OPTIMIZATION_LEVEL = "-O";
				VALIDATE_PRODUCT = YES;
			};
			name = Release;
		};
		30AA3F9320CAC08A00600B82 /* Debug */ = {
			isa = XCBuildConfiguration;
			buildSettings = {
				ASSETCATALOG_COMPILER_APPICON_NAME = AppIcon;
				CODE_SIGN_STYLE = Automatic;
				DEVELOPMENT_TEAM = "";
				FRAMEWORK_SEARCH_PATHS = (
					"$(inherited)",
					"$(PROJECT_DIR)",
				);
				INFOPLIST_FILE = CoffeeExample/Info.plist;
				LD_RUNPATH_SEARCH_PATHS = (
					"$(inherited)",
					"@executable_path/Frameworks",
				);
				PRODUCT_BUNDLE_IDENTIFIER = com.Short.CoffeeExample;
				PRODUCT_NAME = "$(TARGET_NAME)";
				SWIFT_VERSION = 4.2;
				TARGETED_DEVICE_FAMILY = "1,2";
			};
			name = Debug;
		};
		30AA3F9420CAC08A00600B82 /* Release */ = {
			isa = XCBuildConfiguration;
			buildSettings = {
				ASSETCATALOG_COMPILER_APPICON_NAME = AppIcon;
				CODE_SIGN_STYLE = Automatic;
				DEVELOPMENT_TEAM = "";
				FRAMEWORK_SEARCH_PATHS = (
					"$(inherited)",
					"$(PROJECT_DIR)",
				);
				INFOPLIST_FILE = CoffeeExample/Info.plist;
				LD_RUNPATH_SEARCH_PATHS = (
					"$(inherited)",
					"@executable_path/Frameworks",
				);
				PRODUCT_BUNDLE_IDENTIFIER = com.Short.CoffeeExample;
				PRODUCT_NAME = "$(TARGET_NAME)";
				SWIFT_VERSION = 4.2;
				TARGETED_DEVICE_FAMILY = "1,2";
			};
			name = Release;
		};
/* End XCBuildConfiguration section */

/* Begin XCConfigurationList section */
		30AA3F7B20CAC08900600B82 /* Build configuration list for PBXProject "Example" */ = {
			isa = XCConfigurationList;
			buildConfigurations = (
				30AA3F9020CAC08A00600B82 /* Debug */,
				30AA3F9120CAC08A00600B82 /* Release */,
			);
			defaultConfigurationIsVisible = 0;
			defaultConfigurationName = Release;
		};
		30AA3F9220CAC08A00600B82 /* Build configuration list for PBXNativeTarget "Example" */ = {
			isa = XCConfigurationList;
			buildConfigurations = (
				30AA3F9320CAC08A00600B82 /* Debug */,
				30AA3F9420CAC08A00600B82 /* Release */,
			);
			defaultConfigurationIsVisible = 0;
			defaultConfigurationName = Release;
		};
/* End XCConfigurationList section */
	};
	rootObject = 30AA3F7820CAC08900600B82 /* Project object */;
}
